{
  "version": 4,
  "terraform_version": "1.13.2",
  "serial": 86,
  "lineage": "a727c4b8-ce93-3552-5125-39e3d858e3f6",
  "outputs": {
    "database_password": {
      "value": "oK8*(\u00269EG8*CKkI0dO*8GThB",
      "type": "string",
      "sensitive": true
    },
    "database_private_endpoint": {
      "value": {
        "host": "10.0.0.4",
        "port": 5432
      },
      "type": [
        "object",
        {
          "host": "string",
          "port": "number"
        }
      ]
    },
    "instance_public_ips": {
      "value": {
        "web_server": "51.159.180.74"
      },
      "type": [
        "object",
        {
          "web_server": "string"
        }
      ]
    },
    "lb_public_ip": {
      "value": "51.159.87.242",
      "type": "string"
    }
  },
  "resources": [
    {
      "mode": "managed",
      "type": "random_password",
      "name": "db_password",
      "provider": "provider[\"registry.terraform.io/hashicorp/random\"]",
      "instances": [
        {
          "schema_version": 3,
          "attributes": {
            "bcrypt_hash": "$2a$10$FGFc7exT9h6LIhiv6eQcu.XVCXxgrG6rJS2mgwQQbMDAM8gzLHbue",
            "id": "none",
            "keepers": null,
            "length": 24,
            "lower": true,
            "min_lower": 0,
            "min_numeric": 0,
            "min_special": 0,
            "min_upper": 0,
            "number": true,
            "numeric": true,
            "override_special": null,
            "result": "oK8*(\u00269EG8*CKkI0dO*8GThB",
            "special": true,
            "upper": true
          },
          "sensitive_attributes": [
            [
              {
                "type": "get_attr",
                "value": "bcrypt_hash"
              }
            ],
            [
              {
                "type": "get_attr",
                "value": "result"
              }
            ]
          ],
          "identity_schema_version": 0
        }
      ]
    },
    {
      "mode": "managed",
      "type": "scaleway_account_project",
      "name": "project",
      "provider": "provider[\"registry.terraform.io/scaleway/scaleway\"]",
      "instances": [
        {
          "schema_version": 0,
          "attributes": {
            "created_at": "2025-11-12T21:15:02Z",
            "description": "",
            "id": "965e8aeb-abc4-4a52-a064-3f04dfcb18ec",
            "name": "checkov-test-dev",
            "organization_id": "e97e853d-3cce-4ebf-acda-ec5d6abc8fa8",
            "updated_at": "2025-11-12T21:15:02Z"
          },
          "sensitive_attributes": [],
          "identity_schema_version": 0,
          "private": "bnVsbA=="
        }
      ]
    },
    {
      "mode": "managed",
      "type": "scaleway_account_ssh_key",
      "name": "this",
      "provider": "provider[\"registry.terraform.io/scaleway/scaleway\"]",
      "instances": [
        {
          "schema_version": 0,
          "attributes": {
            "created_at": "2025-11-12T21:15:02Z",
            "disabled": false,
            "fingerprint": "3072 MD5:e6:44:2e:5a:08:39:b4:c5:e8:e3:36:fc:f8:28:80:b7 (ssh-rsa)",
            "id": "0f0ef577-6075-4c10-9c52-367e49d5cad9",
            "name": "checkov-test-key",
            "organization_id": "e97e853d-3cce-4ebf-acda-ec5d6abc8fa8",
            "project_id": "c96fe71c-bc1b-40a1-9559-eb37baeb627e",
            "public_key": "ssh-rsa AAAAB3NzaC1yc2EAAAADAQABAAABgQDXaSVcJLERTOT4WHfDqRX/x6cCGRjnbDbeIrq4Lnrm7KJTh6vvuAzZXqVSGoCL8uyrYi8y8bwMj82NHjtT7YVTus7UL7wmEYZgCzOfPEsrGKB3EgM5+tqW4Ze8/39H2Y6/63fOTfpnmVdVHF8r/gfHgIiYDlID6m3xEGptmw96AljGkGfZ/VEoMeHLzm0T+DtDvIX6wpvtM1j2VBk+SrCT95XfugU9Xv498wVpu1kQB9ZP7kXx8FIiGDOfpcg8BK2N59f9ESDTIDyTBQNNnp2f+4Fucgwqzg8iM+eUDj2HEAp8/wdmbTy9nVPLnr3RRDWd6KoV8+xqOeCeskDXYkn4otG7KyswSO8pH+WlytRYq6lOw0V7IeLRQ4x8+u5zE/1c3mRbArywxgOnY9ziuPKILZqto+L8Dk/Zqdqn4zOBZWQ0MuPBk0e4kuKctVkMNa+2HpJ41Zs+MeTc8CM40qP5ODehVzIfz8+E5FhJZ1XOU7mncBpepd3+/leLYarTaAU=",
            "updated_at": "2025-11-12T21:15:02Z"
          },
          "sensitive_attributes": [],
          "identity_schema_version": 0,
          "private": "bnVsbA=="
        }
      ]
    },
    {
      "mode": "managed",
      "type": "scaleway_instance_ip",
      "name": "web_public",
      "provider": "provider[\"registry.terraform.io/scaleway/scaleway\"]",
      "instances": [
        {
          "schema_version": 0,
          "attributes": {
            "address": "51.159.180.74",
            "id": "fr-par-2/109b7cdd-d9b6-43ad-843b-43b0520e47fa",
            "organization_id": "e97e853d-3cce-4ebf-acda-ec5d6abc8fa8",
            "prefix": "51.159.180.74/32",
            "project_id": "c96fe71c-bc1b-40a1-9559-eb37baeb627e",
            "reverse": "",
            "server_id": "fr-par-2/e2beeb00-6509-4a86-862a-537614b98e3a",
            "tags": [
              "checkov-test",
              "web",
              "dev"
            ],
            "timeouts": null,
            "type": "routed_ipv4",
            "zone": "fr-par-2"
          },
          "sensitive_attributes": [],
          "identity_schema_version": 0,
          "private": "eyJlMmJmYjczMC1lY2FhLTExZTYtOGY4OC0zNDM2M2JjN2M0YzAiOnsiY3JlYXRlIjo2MDAwMDAwMDAwMCwiZGVmYXVsdCI6NjAwMDAwMDAwMDAsImRlbGV0ZSI6NjAwMDAwMDAwMDAsInJlYWQiOjYwMDAwMDAwMDAwLCJ1cGRhdGUiOjYwMDAwMDAwMDAwfX0="
        }
      ]
    },
    {
      "mode": "managed",
      "type": "scaleway_instance_security_group",
      "name": "database",
      "provider": "provider[\"registry.terraform.io/scaleway/scaleway\"]",
      "instances": [
        {
          "schema_version": 0,
          "attributes": {
            "description": "SG base de données",
            "enable_default_security": true,
            "external_rules": false,
            "id": "fr-par-2/7d91ec46-4426-44bb-b4e4-3a7b4cea1dc1",
            "inbound_default_policy": "drop",
            "inbound_rule": [
              {
                "action": "accept",
                "ip": "",
                "ip_range": "10.0.0.0/22",
                "port": 5432,
                "port_range": "",
                "protocol": "TCP"
              }
            ],
            "name": "checkov-test-db",
            "organization_id": "e97e853d-3cce-4ebf-acda-ec5d6abc8fa8",
            "outbound_default_policy": "accept",
            "outbound_rule": [],
            "project_id": "c96fe71c-bc1b-40a1-9559-eb37baeb627e",
            "stateful": true,
            "tags": [
              "checkov-test",
              "db",
              "dev"
            ],
            "timeouts": null,
            "zone": "fr-par-2"
          },
          "sensitive_attributes": [],
          "identity_schema_version": 0,
          "private": "eyJlMmJmYjczMC1lY2FhLTExZTYtOGY4OC0zNDM2M2JjN2M0YzAiOnsiY3JlYXRlIjo2MDAwMDAwMDAwMCwiZGVmYXVsdCI6NjAwMDAwMDAwMDAsImRlbGV0ZSI6NjAwMDAwMDAwMDAsInJlYWQiOjYwMDAwMDAwMDAwLCJ1cGRhdGUiOjYwMDAwMDAwMDAwfX0="
        }
      ]
    },
    {
      "mode": "managed",
      "type": "scaleway_instance_security_group",
      "name": "web_public",
      "provider": "provider[\"registry.terraform.io/scaleway/scaleway\"]",
      "instances": [
        {
          "schema_version": 0,
          "attributes": {
            "description": "SG front web",
            "enable_default_security": false,
            "external_rules": false,
            "id": "fr-par-2/971c0917-e3a5-42da-951b-05cfea1ca381",
            "inbound_default_policy": "drop",
            "inbound_rule": [
              {
                "action": "accept",
                "ip": "",
                "ip_range": "2.4.19.133/32",
                "port": 22,
                "port_range": "",
                "protocol": "TCP"
              },
              {
                "action": "accept",
                "ip": "",
                "ip_range": "0.0.0.0/0",
                "port": 80,
                "port_range": "",
                "protocol": "TCP"
              },
              {
                "action": "accept",
                "ip": "",
                "ip_range": "0.0.0.0/0",
                "port": 443,
                "port_range": "",
                "protocol": "TCP"
              }
            ],
            "name": "checkov-test-web-public",
            "organization_id": "e97e853d-3cce-4ebf-acda-ec5d6abc8fa8",
            "outbound_default_policy": "accept",
            "outbound_rule": [],
            "project_id": "c96fe71c-bc1b-40a1-9559-eb37baeb627e",
            "stateful": true,
            "tags": [
              "checkov-test",
              "web",
              "dev"
            ],
            "timeouts": null,
            "zone": "fr-par-2"
          },
          "sensitive_attributes": [],
          "identity_schema_version": 0,
          "private": "eyJlMmJmYjczMC1lY2FhLTExZTYtOGY4OC0zNDM2M2JjN2M0YzAiOnsiY3JlYXRlIjo2MDAwMDAwMDAwMCwiZGVmYXVsdCI6NjAwMDAwMDAwMDAsImRlbGV0ZSI6NjAwMDAwMDAwMDAsInJlYWQiOjYwMDAwMDAwMDAwLCJ1cGRhdGUiOjYwMDAwMDAwMDAwfX0="
        }
      ]
    },
    {
      "mode": "managed",
      "type": "scaleway_instance_server",
      "name": "web_server",
      "provider": "provider[\"registry.terraform.io/scaleway/scaleway\"]",
      "instances": [
        {
          "schema_version": 0,
          "attributes": {
            "additional_volume_ids": [],
            "admin_password_encryption_ssh_key_id": null,
            "boot_type": "local",
            "bootscript_id": null,
            "cloud_init": "#cloud-config\npackage_update: true\npackage_upgrade: true\nusers:\n  - name: admin\n    groups: sudo\n    lock_passwd: true\n    shell: /bin/bash\n    sudo: ALL=(ALL) NOPASSWD:ALL\n    ssh_authorized_keys:\n      - ssh-rsa AAAAB3NzaC1yc2EAAAADAQABAAABgQDXaSVcJLERTOT4WHfDqRX/x6cCGRjnbDbeIrq4Lnrm7KJTh6vvuAzZXqVSGoCL8uyrYi8y8bwMj82NHjtT7YVTus7UL7wmEYZgCzOfPEsrGKB3EgM5+tqW4Ze8/39H2Y6/63fOTfpnmVdVHF8r/gfHgIiYDlID6m3xEGptmw96AljGkGfZ/VEoMeHLzm0T+DtDvIX6wpvtM1j2VBk+SrCT95XfugU9Xv498wVpu1kQB9ZP7kXx8FIiGDOfpcg8BK2N59f9ESDTIDyTBQNNnp2f+4Fucgwqzg8iM+eUDj2HEAp8/wdmbTy9nVPLnr3RRDWd6KoV8+xqOeCeskDXYkn4otG7KyswSO8pH+WlytRYq6lOw0V7IeLRQ4x8+u5zE/1c3mRbArywxgOnY9ziuPKILZqto+L8Dk/Zqdqn4zOBZWQ0MuPBk0e4kuKctVkMNa+2HpJ41Zs+MeTc8CM40qP5ODehVzIfz8+E5FhJZ1XOU7mncBpepd3+/leLYarTaAU= fabienganderatz@MacBook-Pro-de-Fabien-2.local\nruncmd:\n  - ufw allow 80/tcp\n  - ufw allow 443/tcp\n  - ufw --force enable\n",
            "enable_dynamic_ip": false,
            "filesystems": [],
            "id": "fr-par-2/e2beeb00-6509-4a86-862a-537614b98e3a",
            "image": "ubuntu_jammy",
            "ip_id": "fr-par-2/109b7cdd-d9b6-43ad-843b-43b0520e47fa",
            "ip_ids": [],
            "name": "checkov-test-web-01",
            "organization_id": "e97e853d-3cce-4ebf-acda-ec5d6abc8fa8",
            "placement_group_id": null,
            "placement_group_policy_respected": null,
            "private_ips": [
              {
                "address": "fdec:9718:6a42:795e:e9f3:c058:e9da:f0e1",
                "id": "fr-par/b1dd142c-7417-48ac-b29b-4da9d664957c"
              },
              {
                "address": "10.0.0.2",
                "id": "fr-par/a3cb733c-d332-4156-bd2e-2f2e73ce3b0d"
              }
            ],
            "private_network": [
              {
                "mac_address": "02:00:00:2d:35:c3",
                "pn_id": "fr-par/bd2387a7-e9d8-495b-b6f6-2e7aaf1eae8c",
                "pnic_id": "5f3d05eb-67dc-4045-9ab2-83c0287dbc3c",
                "status": "available",
                "zone": "fr-par"
              }
            ],
            "project_id": "c96fe71c-bc1b-40a1-9559-eb37baeb627e",
            "protected": false,
            "public_ips": [
              {
                "address": "51.159.180.74",
                "dynamic": false,
                "family": "inet",
                "gateway": "62.210.0.1",
                "id": "fr-par-2/109b7cdd-d9b6-43ad-843b-43b0520e47fa",
                "netmask": "32",
                "provisioning_mode": "dhcp"
              }
            ],
            "replace_on_type_change": false,
            "root_volume": [
              {
                "boot": false,
                "delete_on_termination": true,
                "name": "",
                "sbs_iops": 5000,
                "size_in_gb": 20,
                "volume_id": "fr-par-2/d74b4ea9-fbe7-4453-9566-3052045317d4",
                "volume_type": "sbs_volume"
              }
            ],
            "security_group_id": "fr-par-2/971c0917-e3a5-42da-951b-05cfea1ca381",
            "state": "started",
            "tags": [
              "checkov-test",
              "web",
              "dev"
            ],
            "timeouts": null,
            "type": "PLAY2-PICO",
            "user_data": {
              "cloud-init": "#cloud-config\npackage_update: true\npackage_upgrade: true\nusers:\n  - name: admin\n    groups: sudo\n    lock_passwd: true\n    shell: /bin/bash\n    sudo: ALL=(ALL) NOPASSWD:ALL\n    ssh_authorized_keys:\n      - ssh-rsa AAAAB3NzaC1yc2EAAAADAQABAAABgQDXaSVcJLERTOT4WHfDqRX/x6cCGRjnbDbeIrq4Lnrm7KJTh6vvuAzZXqVSGoCL8uyrYi8y8bwMj82NHjtT7YVTus7UL7wmEYZgCzOfPEsrGKB3EgM5+tqW4Ze8/39H2Y6/63fOTfpnmVdVHF8r/gfHgIiYDlID6m3xEGptmw96AljGkGfZ/VEoMeHLzm0T+DtDvIX6wpvtM1j2VBk+SrCT95XfugU9Xv498wVpu1kQB9ZP7kXx8FIiGDOfpcg8BK2N59f9ESDTIDyTBQNNnp2f+4Fucgwqzg8iM+eUDj2HEAp8/wdmbTy9nVPLnr3RRDWd6KoV8+xqOeCeskDXYkn4otG7KyswSO8pH+WlytRYq6lOw0V7IeLRQ4x8+u5zE/1c3mRbArywxgOnY9ziuPKILZqto+L8Dk/Zqdqn4zOBZWQ0MuPBk0e4kuKctVkMNa+2HpJ41Zs+MeTc8CM40qP5ODehVzIfz8+E5FhJZ1XOU7mncBpepd3+/leLYarTaAU= fabienganderatz@MacBook-Pro-de-Fabien-2.local\nruncmd:\n  - ufw allow 80/tcp\n  - ufw allow 443/tcp\n  - ufw --force enable\n",
              "ssh-host-fingerprints": "256 SHA256:6bSpIMwjB2In57sAQmtFxm4d4jd7eFFO4asqVQJs6es root@checkov-test-web-01 (ED25519)\n3072 SHA256:i2o+LzG0riKbdhA1uZQGQG/tZD7ArV38nVWlrA3cq9I root@checkov-test-web-01 (RSA)\n256 SHA256:j++h5+xhVXRvPH+FxVsgTVp56n6aN0++MxisZuH6Lrc root@checkov-test-web-01 (ECDSA)"
            },
            "zone": "fr-par-2"
          },
          "sensitive_attributes": [],
          "identity_schema_version": 0,
          "private": "eyJlMmJmYjczMC1lY2FhLTExZTYtOGY4OC0zNDM2M2JjN2M0YzAiOnsiY3JlYXRlIjoxMjAwMDAwMDAwMDAwLCJkZWZhdWx0IjoxMjAwMDAwMDAwMDAwLCJkZWxldGUiOjEyMDAwMDAwMDAwMDAsInJlYWQiOjEyMDAwMDAwMDAwMDAsInVwZGF0ZSI6MTIwMDAwMDAwMDAwMH19",
          "dependencies": [
            "scaleway_instance_ip.web_public",
            "scaleway_instance_security_group.web_public",
            "scaleway_vpc.main",
            "scaleway_vpc_private_network.app_network"
          ]
        }
      ]
    },
    {
      "mode": "managed",
      "type": "scaleway_k8s_cluster",
      "name": "main",
      "provider": "provider[\"registry.terraform.io/scaleway/scaleway\"]",
      "instances": [
        {
          "schema_version": 0,
          "attributes": {
            "admission_plugins": [],
            "apiserver_cert_sans": [],
            "apiserver_url": "https://5189d241-6d3f-461f-9531-51199ffe1fbe.api.k8s.fr-par.scw.cloud:6443",
            "auto_upgrade": [
              {
                "enable": true,
                "maintenance_window_day": "monday",
                "maintenance_window_start_hour": 3
              }
            ],
            "autoscaler_config": [
              {
                "balance_similar_node_groups": false,
                "disable_scale_down": false,
                "estimator": "binpacking",
                "expander": "random",
                "expendable_pods_priority_cutoff": 0,
                "ignore_daemonsets_utilization": false,
                "max_graceful_termination_sec": 0,
                "scale_down_delay_after_add": "10m",
                "scale_down_unneeded_time": "10m",
                "scale_down_utilization_threshold": 0.5
              }
            ],
            "cni": "cilium",
            "created_at": "2025-11-12T21:15:04Z",
            "delete_additional_resources": true,
            "description": "",
            "feature_gates": [],
            "id": "fr-par/5189d241-6d3f-461f-9531-51199ffe1fbe",
            "kubeconfig": [
              {
                "cluster_ca_certificate": "LS0tLS1CRUdJTiBDRVJUSUZJQ0FURS0tLS0tCk1JSUJXakNDQVFHZ0F3SUJBZ0lCQURBS0JnZ3Foa2pPUFFRREFqQVZNUk13RVFZRFZRUURFd3ByZFdKbGNtNWwKZEdWek1CNFhEVEkxTVRFeE1USXhNVFV3TkZvWERUTTFNVEV4TVRJeE1UVXdORm93RlRFVE1CRUdBMVVFQXhNSwphM1ZpWlhKdVpYUmxjekJaTUJNR0J5cUdTTTQ5QWdFR0NDcUdTTTQ5QXdFSEEwSUFCRmZPTERERlIxTDRmZjF3ClRMQURacVYyM01vbDI1dFh6MTBkT3F5a0dNalAvRVQrYTRlLzI3LzdHSWVUbDJVV0JaeWJQMDVMYSsvemFoeVgKYVRPK0tIV2pRakJBTUE0R0ExVWREd0VCL3dRRUF3SUNwREFQQmdOVkhSTUJBZjhFQlRBREFRSC9NQjBHQTFVZApEZ1FXQkJRa0syeFc4U2c1a1FpbE9ZZW5Hd3NUaE1scE5qQUtCZ2dxaGtqT1BRUURBZ05IQURCRUFpQTZZTnYzCjhoaERVQ1U5REVHK3NFWXVGbVBINlVDSFJGeW1ZR203aXZ0dXN3SWdMNFkra3d4dmY5WEIwZjE4Z1VQbTUxSjEKbmMrNnFGYU85MUZpQVZhZEI4bz0KLS0tLS1FTkQgQ0VSVElGSUNBVEUtLS0tLQo=",
                "config_file": "apiVersion: v1\nclusters:\n- name: \"checkov-test-k8s\"\n  cluster:\n    certificate-authority-data: LS0tLS1CRUdJTiBDRVJUSUZJQ0FURS0tLS0tCk1JSUJXakNDQVFHZ0F3SUJBZ0lCQURBS0JnZ3Foa2pPUFFRREFqQVZNUk13RVFZRFZRUURFd3ByZFdKbGNtNWwKZEdWek1CNFhEVEkxTVRFeE1USXhNVFV3TkZvWERUTTFNVEV4TVRJeE1UVXdORm93RlRFVE1CRUdBMVVFQXhNSwphM1ZpWlhKdVpYUmxjekJaTUJNR0J5cUdTTTQ5QWdFR0NDcUdTTTQ5QXdFSEEwSUFCRmZPTERERlIxTDRmZjF3ClRMQURacVYyM01vbDI1dFh6MTBkT3F5a0dNalAvRVQrYTRlLzI3LzdHSWVUbDJVV0JaeWJQMDVMYSsvemFoeVgKYVRPK0tIV2pRakJBTUE0R0ExVWREd0VCL3dRRUF3SUNwREFQQmdOVkhSTUJBZjhFQlRBREFRSC9NQjBHQTFVZApEZ1FXQkJRa0syeFc4U2c1a1FpbE9ZZW5Hd3NUaE1scE5qQUtCZ2dxaGtqT1BRUURBZ05IQURCRUFpQTZZTnYzCjhoaERVQ1U5REVHK3NFWXVGbVBINlVDSFJGeW1ZR203aXZ0dXN3SWdMNFkra3d4dmY5WEIwZjE4Z1VQbTUxSjEKbmMrNnFGYU85MUZpQVZhZEI4bz0KLS0tLS1FTkQgQ0VSVElGSUNBVEUtLS0tLQo=\n    server: https://5189d241-6d3f-461f-9531-51199ffe1fbe.api.k8s.fr-par.scw.cloud:6443\ncontexts:\n- name: admin@checkov-test-k8s\n  context:\n    cluster: \"checkov-test-k8s\"\n    user: checkov-test-k8s-admin\ncurrent-context: admin@checkov-test-k8s\nkind: Config\npreferences: {}\nusers:\n- name: checkov-test-k8s-admin\n  user:\n    token: w3ac3rhLE7MP0DOLiHc0QcH6In1xuY8cwtrnll1Lm1q7WoPYiIHIXXbI",
                "host": "https://5189d241-6d3f-461f-9531-51199ffe1fbe.api.k8s.fr-par.scw.cloud:6443",
                "token": "w3ac3rhLE7MP0DOLiHc0QcH6In1xuY8cwtrnll1Lm1q7WoPYiIHIXXbI"
              }
            ],
            "name": "checkov-test-k8s",
            "open_id_connect_config": [
              {
                "client_id": "",
                "groups_claim": [],
                "groups_prefix": "",
                "issuer_url": "",
                "required_claim": [],
                "username_claim": "",
                "username_prefix": ""
              }
            ],
            "organization_id": "e97e853d-3cce-4ebf-acda-ec5d6abc8fa8",
            "pod_cidr": "100.64.0.0/15",
            "private_network_id": "bd2387a7-e9d8-495b-b6f6-2e7aaf1eae8c",
            "project_id": "c96fe71c-bc1b-40a1-9559-eb37baeb627e",
            "region": "fr-par",
            "service_cidr": "10.32.0.0/20",
            "service_dns_ip": "10.32.0.10",
            "status": "pool_required",
            "tags": [
              "checkov-test",
              "k8s",
              "dev"
            ],
            "timeouts": null,
            "type": "kapsule",
            "updated_at": "2025-11-12T21:15:04Z",
            "upgrade_available": false,
            "version": "1.34",
            "wildcard_dns": "*.5189d241-6d3f-461f-9531-51199ffe1fbe.nodes.k8s.fr-par.scw.cloud"
          },
          "sensitive_attributes": [
            [
              {
                "type": "get_attr",
                "value": "kubeconfig"
              }
            ]
          ],
          "identity_schema_version": 0,
          "private": "eyJlMmJmYjczMC1lY2FhLTExZTYtOGY4OC0zNDM2M2JjN2M0YzAiOnsiY3JlYXRlIjo5MDAwMDAwMDAwMDAsImRlZmF1bHQiOjkwMDAwMDAwMDAwMCwiZGVsZXRlIjo5MDAwMDAwMDAwMDAsInJlYWQiOjkwMDAwMDAwMDAwMCwidXBkYXRlIjo5MDAwMDAwMDAwMDB9fQ==",
          "dependencies": [
            "scaleway_vpc.main",
            "scaleway_vpc_private_network.app_network"
          ]
        }
      ]
    },
    {
      "mode": "managed",
      "type": "scaleway_k8s_pool",
      "name": "pool",
      "provider": "provider[\"registry.terraform.io/scaleway/scaleway\"]",
      "instances": [
        {
          "schema_version": 0,
          "attributes": {
            "autohealing": true,
            "autoscaling": true,
            "cluster_id": "fr-par/5189d241-6d3f-461f-9531-51199ffe1fbe",
            "container_runtime": "containerd",
            "created_at": "2025-11-12T21:31:56Z",
            "current_size": 2,
            "id": "fr-par/368e765e-4313-404c-94d9-dc1741a7d5f9",
            "kubelet_args": null,
            "max_size": 5,
            "min_size": 1,
            "name": "play2-pico-pool",
            "node_type": "play2_nano",
            "nodes": [
              {
                "id": "5d334141-b062-4394-b42d-fe37549252f9",
                "name": "scw-checkov-test-k8s-play2-pico-pool-5d334141b",
                "private_ips": [
                  {
                    "address": "fdec:9718:6a42:795e:3f60:7d55:8afe:5284",
                    "id": "fr-par/421ea48b-f6e8-4484-9474-6c507feef43e"
                  },
                  {
                    "address": "10.0.0.7",
                    "id": "fr-par/2126c655-e404-4cdd-80ad-1d21569afcaa"
                  }
                ],
                "public_ip": "51.159.179.74",
                "public_ip_v6": "",
                "status": "ready"
              },
              {
                "id": "2600617c-cb57-480b-a7ff-a9e8bacd12d2",
                "name": "scw-checkov-test-k8s-play2-pico-pool-2600617cc",
                "private_ips": [
                  {
                    "address": "fdec:9718:6a42:795e:dcf0:96d4:def9:155f",
                    "id": "fr-par/10bd68be-505b-4178-a887-802295587f05"
                  },
                  {
                    "address": "10.0.0.6",
                    "id": "fr-par/45cf2ed1-0c77-4026-84ac-6c45d1d113a1"
                  }
                ],
                "public_ip": "51.159.154.213",
                "public_ip_v6": "",
                "status": "ready"
              }
            ],
            "placement_group_id": null,
            "public_ip_disabled": false,
            "region": "fr-par",
            "root_volume_size_in_gb": 20,
            "root_volume_type": "sbs_5k",
            "security_group_id": "2ee23d53-4a7d-4e64-a4e6-9bd5c0c83c1b",
            "size": 2,
            "status": "ready",
            "tags": [
              "checkov-test",
              "k8s",
              "pool",
              "dev"
            ],
            "timeouts": null,
            "updated_at": "2025-11-12T21:36:24Z",
            "upgrade_policy": [
              {
                "max_surge": 0,
                "max_unavailable": 1
              }
            ],
            "version": "1.34.1",
            "wait_for_pool_ready": true,
            "zone": "fr-par-2"
          },
          "sensitive_attributes": [],
          "identity_schema_version": 0,
          "private": "eyJlMmJmYjczMC1lY2FhLTExZTYtOGY4OC0zNDM2M2JjN2M0YzAiOnsiY3JlYXRlIjoxODAwMDAwMDAwMDAwLCJkZWZhdWx0IjoxODAwMDAwMDAwMDAwLCJkZWxldGUiOjE4MDAwMDAwMDAwMDAsInJlYWQiOjE4MDAwMDAwMDAwMDAsInVwZGF0ZSI6MTgwMDAwMDAwMDAwMH19",
          "dependencies": [
            "scaleway_k8s_cluster.main",
            "scaleway_vpc.main",
            "scaleway_vpc_private_network.app_network"
          ]
        }
      ]
    },
    {
      "mode": "managed",
      "type": "scaleway_lb",
      "name": "web_lb",
      "provider": "provider[\"registry.terraform.io/scaleway/scaleway\"]",
      "instances": [
        {
          "schema_version": 1,
          "attributes": {
            "assign_flexible_ip": null,
            "assign_flexible_ipv6": null,
            "description": "LB HTTPS",
            "id": "fr-par-2/21426e4e-5b14-4e04-9638-ce2032d58c3f",
            "ip_address": "51.159.87.242",
            "ip_id": "fr-par-2/91dfc23d-0b09-49f8-943b-4c56ac07c3d1",
            "ip_ids": [
              "fr-par-2/91dfc23d-0b09-49f8-943b-4c56ac07c3d1"
            ],
            "ipv6_address": "",
            "name": "checkov-test-web-lb",
            "organization_id": "e97e853d-3cce-4ebf-acda-ec5d6abc8fa8",
            "private_ips": [
              {
                "address": "10.0.0.3",
                "id": "fr-par/e360cf35-8e70-456b-9a5c-34b38c3b0b9d"
              }
            ],
            "private_network": [
              {
                "dhcp_config": true,
                "ipam_ids": [
                  "fr-par/e360cf35-8e70-456b-9a5c-34b38c3b0b9d"
                ],
                "private_network_id": "fr-par/bd2387a7-e9d8-495b-b6f6-2e7aaf1eae8c",
                "static_config": [],
                "status": "ready",
                "zone": "fr-par-2"
              }
            ],
            "project_id": "c96fe71c-bc1b-40a1-9559-eb37baeb627e",
            "region": "fr-par",
            "release_ip": false,
            "ssl_compatibility_level": "ssl_compatibility_level_intermediate",
            "tags": [
              "checkov-test",
              "lb",
              "dev"
            ],
            "timeouts": null,
            "type": "LB-S",
            "zone": "fr-par-2"
          },
          "sensitive_attributes": [],
          "identity_schema_version": 0,
          "private": "eyJlMmJmYjczMC1lY2FhLTExZTYtOGY4OC0zNDM2M2JjN2M0YzAiOnsiY3JlYXRlIjo5MDAwMDAwMDAwMDAsImRlZmF1bHQiOjkwMDAwMDAwMDAwMCwiZGVsZXRlIjo5MDAwMDAwMDAwMDAsInJlYWQiOjkwMDAwMDAwMDAwMCwidXBkYXRlIjo5MDAwMDAwMDAwMDB9LCJzY2hlbWFfdmVyc2lvbiI6IjEifQ==",
          "dependencies": [
            "scaleway_lb_ip.main",
            "scaleway_vpc.main",
            "scaleway_vpc_private_network.app_network"
          ]
        }
      ]
    },
    {
      "mode": "managed",
      "type": "scaleway_lb_backend",
      "name": "web_backend",
      "provider": "provider[\"registry.terraform.io/scaleway/scaleway\"]",
      "instances": [
        {
          "schema_version": 1,
          "attributes": {
            "failover_host": "",
            "forward_port": 80,
            "forward_port_algorithm": "roundrobin",
            "forward_protocol": "http",
            "health_check_delay": "1m0s",
            "health_check_http": [
              {
                "code": 200,
                "host_header": "",
                "method": "GET",
                "uri": "/healthz"
              }
            ],
            "health_check_https": [],
            "health_check_max_retries": 2,
            "health_check_port": 80,
            "health_check_send_proxy": false,
            "health_check_tcp": [],
            "health_check_timeout": "30s",
            "health_check_transient_delay": "500ms",
            "id": "fr-par-2/20cc51cb-f329-4b0a-907b-2ffbf80a988f",
            "ignore_ssl_server_verify": false,
            "lb_id": "fr-par-2/21426e4e-5b14-4e04-9638-ce2032d58c3f",
            "max_connections": 0,
            "max_retries": 3,
            "name": "web-backend",
            "on_marked_down_action": "none",
            "proxy_protocol": "none",
            "redispatch_attempt_count": 0,
            "send_proxy_v2": false,
            "server_ips": [
              "fdec:9718:6a42:795e:e9f3:c058:e9da:f0e1"
            ],
            "ssl_bridging": false,
            "sticky_sessions": "cookie",
            "sticky_sessions_cookie_name": "SRV",
            "timeout_connect": "5s",
            "timeout_queue": "0s",
            "timeout_server": "5m0s",
            "timeout_tunnel": "15m0s",
            "timeouts": null
          },
          "sensitive_attributes": [],
          "identity_schema_version": 0,
          "private": "eyJlMmJmYjczMC1lY2FhLTExZTYtOGY4OC0zNDM2M2JjN2M0YzAiOnsiY3JlYXRlIjo5MDAwMDAwMDAwMDAsImRlZmF1bHQiOjkwMDAwMDAwMDAwMCwiZGVsZXRlIjo5MDAwMDAwMDAwMDAsInJlYWQiOjkwMDAwMDAwMDAwMCwidXBkYXRlIjo5MDAwMDAwMDAwMDB9LCJzY2hlbWFfdmVyc2lvbiI6IjEifQ==",
          "dependencies": [
            "scaleway_instance_ip.web_public",
            "scaleway_instance_security_group.web_public",
            "scaleway_instance_server.web_server",
            "scaleway_lb.web_lb",
            "scaleway_lb_ip.main",
            "scaleway_vpc.main",
            "scaleway_vpc_private_network.app_network"
          ]
        }
      ]
    },
    {
      "mode": "managed",
      "type": "scaleway_lb_frontend",
      "name": "http",
      "provider": "provider[\"registry.terraform.io/scaleway/scaleway\"]",
      "instances": [
        {
          "schema_version": 1,
          "attributes": {
            "acl": [],
            "backend_id": "fr-par-2/20cc51cb-f329-4b0a-907b-2ffbf80a988f",
            "certificate_id": "",
            "certificate_ids": null,
            "connection_rate_limit": 0,
            "created_at": "2025-11-12T21:16:19Z",
            "enable_access_logs": false,
            "enable_http3": false,
            "external_acls": false,
            "id": "fr-par-2/283e40ec-7520-4403-a7ae-8985d2209781",
            "inbound_port": 80,
            "lb_id": "fr-par-2/21426e4e-5b14-4e04-9638-ce2032d58c3f",
            "name": "http",
            "timeout_client": "",
            "timeouts": null,
            "updated_at": "2025-11-12T21:16:20Z"
          },
          "sensitive_attributes": [],
          "identity_schema_version": 0,
          "private": "eyJlMmJmYjczMC1lY2FhLTExZTYtOGY4OC0zNDM2M2JjN2M0YzAiOnsiY3JlYXRlIjo5MDAwMDAwMDAwMDAsImRlZmF1bHQiOjkwMDAwMDAwMDAwMCwiZGVsZXRlIjo5MDAwMDAwMDAwMDAsInJlYWQiOjkwMDAwMDAwMDAwMCwidXBkYXRlIjo5MDAwMDAwMDAwMDB9LCJzY2hlbWFfdmVyc2lvbiI6IjEifQ==",
          "dependencies": [
            "scaleway_instance_ip.web_public",
            "scaleway_instance_security_group.web_public",
            "scaleway_instance_server.web_server",
            "scaleway_lb.web_lb",
            "scaleway_lb_backend.web_backend",
            "scaleway_lb_ip.main",
            "scaleway_vpc.main",
            "scaleway_vpc_private_network.app_network"
          ]
        }
      ]
    },
    {
      "mode": "managed",
      "type": "scaleway_lb_ip",
      "name": "main",
      "provider": "provider[\"registry.terraform.io/scaleway/scaleway\"]",
      "instances": [
        {
          "schema_version": 1,
          "attributes": {
            "id": "fr-par-2/91dfc23d-0b09-49f8-943b-4c56ac07c3d1",
            "ip_address": "51.159.87.242",
            "is_ipv6": false,
            "lb_id": "21426e4e-5b14-4e04-9638-ce2032d58c3f",
            "organization_id": "e97e853d-3cce-4ebf-acda-ec5d6abc8fa8",
            "project_id": "c96fe71c-bc1b-40a1-9559-eb37baeb627e",
            "region": "fr-par",
            "reverse": "51-159-87-242.lb.fr-par.scw.cloud",
            "tags": [
              "checkov-test",
              "dev"
            ],
            "timeouts": null,
            "zone": "fr-par-2"
          },
          "sensitive_attributes": [],
          "identity_schema_version": 0,
          "private": "eyJlMmJmYjczMC1lY2FhLTExZTYtOGY4OC0zNDM2M2JjN2M0YzAiOnsiY3JlYXRlIjo5MDAwMDAwMDAwMDAsImRlZmF1bHQiOjkwMDAwMDAwMDAwMCwiZGVsZXRlIjo5MDAwMDAwMDAwMDAsInJlYWQiOjkwMDAwMDAwMDAwMCwidXBkYXRlIjo5MDAwMDAwMDAwMDB9LCJzY2hlbWFfdmVyc2lvbiI6IjEifQ=="
        }
      ]
    },
    {
      "mode": "managed",
      "type": "scaleway_object_bucket",
      "name": "private_data",
      "provider": "provider[\"registry.terraform.io/scaleway/scaleway\"]",
      "instances": [
        {
          "schema_version": 0,
          "attributes": {
            "acl": "private",
            "api_endpoint": "https://s3.fr-par.scw.cloud",
            "cors_rule": [],
            "endpoint": "https://checkov-test-private-data.s3.fr-par.scw.cloud",
            "force_destroy": false,
            "id": "fr-par/checkov-test-private-data",
            "lifecycle_rule": [],
            "name": "checkov-test-private-data",
            "object_lock_enabled": false,
            "project_id": "c96fe71c-bc1b-40a1-9559-eb37baeb627e",
            "region": "fr-par",
            "tags": {
              "env": "dev",
              "project": "checkov-test",
              "type": "private"
            },
            "timeouts": null,
            "versioning": [
              {
                "enabled": true
              }
            ]
          },
          "sensitive_attributes": [],
          "identity_schema_version": 0,
          "private": "eyJlMmJmYjczMC1lY2FhLTExZTYtOGY4OC0zNDM2M2JjN2M0YzAiOnsiY3JlYXRlIjo2MDAwMDAwMDAwMDAsImRlZmF1bHQiOjYwMDAwMDAwMDAwMCwiZGVsZXRlIjo2MDAwMDAwMDAwMDAsInJlYWQiOjYwMDAwMDAwMDAwMCwidXBkYXRlIjo2MDAwMDAwMDAwMDB9fQ=="
        }
      ]
    },
    {
      "mode": "managed",
      "type": "scaleway_object_bucket",
      "name": "public_assets",
      "provider": "provider[\"registry.terraform.io/scaleway/scaleway\"]",
      "instances": [
        {
          "schema_version": 0,
          "attributes": {
            "acl": "private",
            "api_endpoint": "https://s3.fr-par.scw.cloud",
            "cors_rule": [],
            "endpoint": "https://checkov-test-public-assets.s3.fr-par.scw.cloud",
            "force_destroy": false,
            "id": "fr-par/checkov-test-public-assets",
            "lifecycle_rule": [],
            "name": "checkov-test-public-assets",
            "object_lock_enabled": false,
            "project_id": "c96fe71c-bc1b-40a1-9559-eb37baeb627e",
            "region": "fr-par",
            "tags": {
              "env": "dev",
              "project": "checkov-test",
              "type": "assets"
            },
            "timeouts": null,
            "versioning": [
              {
                "enabled": true
              }
            ]
          },
          "sensitive_attributes": [],
          "identity_schema_version": 0,
          "private": "eyJlMmJmYjczMC1lY2FhLTExZTYtOGY4OC0zNDM2M2JjN2M0YzAiOnsiY3JlYXRlIjo2MDAwMDAwMDAwMDAsImRlZmF1bHQiOjYwMDAwMDAwMDAwMCwiZGVsZXRlIjo2MDAwMDAwMDAwMDAsInJlYWQiOjYwMDAwMDAwMDAwMCwidXBkYXRlIjo2MDAwMDAwMDAwMDB9fQ=="
        }
      ]
    },
    {
      "mode": "managed",
      "type": "scaleway_object_bucket_acl",
      "name": "private_data_acl",
      "provider": "provider[\"registry.terraform.io/scaleway/scaleway\"]",
      "instances": [
        {
          "schema_version": 0,
          "attributes": {
            "access_control_policy": [
              {
                "grant": [
                  {
                    "grantee": [
                      {
                        "display_name": "c96fe71c-bc1b-40a1-9559-eb37baeb627e",
                        "id": "c96fe71c-bc1b-40a1-9559-eb37baeb627e",
                        "type": "CanonicalUser",
                        "uri": ""
                      }
                    ],
                    "permission": "FULL_CONTROL"
                  }
                ],
                "owner": [
                  {
                    "display_name": "c96fe71c-bc1b-40a1-9559-eb37baeb627e",
                    "id": "c96fe71c-bc1b-40a1-9559-eb37baeb627e"
                  }
                ]
              }
            ],
            "acl": "private",
            "bucket": "checkov-test-private-data",
            "expected_bucket_owner": "",
            "id": "fr-par/checkov-test-private-data/private",
            "project_id": "c96fe71c-bc1b-40a1-9559-eb37baeb627e",
            "region": "fr-par"
          },
          "sensitive_attributes": [],
          "identity_schema_version": 0,
          "private": "bnVsbA==",
          "dependencies": [
            "scaleway_object_bucket.private_data"
          ]
        }
      ]
    },
    {
      "mode": "managed",
      "type": "scaleway_object_bucket_acl",
      "name": "public_assets_acl",
      "provider": "provider[\"registry.terraform.io/scaleway/scaleway\"]",
      "instances": [
        {
          "schema_version": 0,
          "attributes": {
            "access_control_policy": [
              {
                "grant": [
                  {
                    "grantee": [
                      {
                        "display_name": "c96fe71c-bc1b-40a1-9559-eb37baeb627e",
                        "id": "c96fe71c-bc1b-40a1-9559-eb37baeb627e",
                        "type": "CanonicalUser",
                        "uri": ""
                      }
                    ],
                    "permission": "FULL_CONTROL"
                  }
                ],
                "owner": [
                  {
                    "display_name": "c96fe71c-bc1b-40a1-9559-eb37baeb627e",
                    "id": "c96fe71c-bc1b-40a1-9559-eb37baeb627e"
                  }
                ]
              }
            ],
            "acl": "private",
            "bucket": "checkov-test-public-assets",
            "expected_bucket_owner": "",
            "id": "fr-par/checkov-test-public-assets/private",
            "project_id": "c96fe71c-bc1b-40a1-9559-eb37baeb627e",
            "region": "fr-par"
          },
          "sensitive_attributes": [],
          "identity_schema_version": 0,
          "private": "bnVsbA==",
          "dependencies": [
            "scaleway_object_bucket.public_assets"
          ]
        }
      ]
    },
    {
      "mode": "managed",
      "type": "scaleway_rdb_acl",
      "name": "postgres_app_acl",
      "provider": "provider[\"registry.terraform.io/scaleway/scaleway\"]",
      "instances": [
        {
          "schema_version": 0,
          "attributes": {
            "acl_rules": [
              {
                "description": "app subnet",
                "ip": "10.0.0.0/22"
              }
            ],
            "id": "fr-par/da9b6639-cc5c-440d-92d9-7325e32c46f4",
            "instance_id": "fr-par/da9b6639-cc5c-440d-92d9-7325e32c46f4",
            "region": "fr-par",
            "timeouts": null
          },
          "sensitive_attributes": [],
          "identity_schema_version": 0,
          "private": "eyJlMmJmYjczMC1lY2FhLTExZTYtOGY4OC0zNDM2M2JjN2M0YzAiOnsiY3JlYXRlIjoxODAwMDAwMDAwMDAwLCJkZWZhdWx0IjoxODAwMDAwMDAwMDAwLCJkZWxldGUiOjE4MDAwMDAwMDAwMDAsInJlYWQiOjE4MDAwMDAwMDAwMDAsInVwZGF0ZSI6MTgwMDAwMDAwMDAwMH19",
          "dependencies": [
            "random_password.db_password",
            "scaleway_rdb_instance.postgres",
            "scaleway_vpc.main",
            "scaleway_vpc_private_network.app_network"
          ]
        }
      ]
    },
    {
      "mode": "managed",
      "type": "scaleway_rdb_database",
      "name": "app",
      "provider": "provider[\"registry.terraform.io/scaleway/scaleway\"]",
      "instances": [
        {
          "schema_version": 0,
          "attributes": {
            "id": "fr-par/da9b6639-cc5c-440d-92d9-7325e32c46f4/app",
            "instance_id": "fr-par/da9b6639-cc5c-440d-92d9-7325e32c46f4",
            "managed": true,
            "name": "app",
            "owner": "_rdb_superadmin",
            "region": "fr-par",
            "size": "7672291",
            "timeouts": null
          },
          "sensitive_attributes": [],
          "identity_schema_version": 0,
          "private": "eyJlMmJmYjczMC1lY2FhLTExZTYtOGY4OC0zNDM2M2JjN2M0YzAiOnsiY3JlYXRlIjoxODAwMDAwMDAwMDAwLCJkZWZhdWx0IjoxODAwMDAwMDAwMDAwLCJkZWxldGUiOjE4MDAwMDAwMDAwMDAsInJlYWQiOjE4MDAwMDAwMDAwMDAsInVwZGF0ZSI6MTgwMDAwMDAwMDAwMH19",
          "dependencies": [
            "random_password.db_password",
            "scaleway_rdb_instance.postgres",
            "scaleway_vpc.main",
            "scaleway_vpc_private_network.app_network"
          ]
        }
      ]
    },
    {
      "mode": "managed",
      "type": "scaleway_rdb_instance",
      "name": "postgres",
      "provider": "provider[\"registry.terraform.io/scaleway/scaleway\"]",
      "instances": [
        {
          "schema_version": 0,
          "attributes": {
            "backup_same_region": false,
            "backup_schedule_frequency": 24,
            "backup_schedule_retention": 7,
            "certificate": "-----BEGIN CERTIFICATE-----\nMIIDVzCCAj+gAwIBAgIUWgSb28i0LupT/heszcYNsWcD4vgwDQYJKoZIhvcNAQEL\nBQAwUzELMAkGA1UEBhMCRlIxDjAMBgNVBAgMBVBhcmlzMQ4wDAYDVQQHDAVQYXJp\nczERMA8GA1UECgwIU2NhbGV3YXkxETAPBgNVBAMMCDEwLjAuMC40MB4XDTI1MTEx\nMjIxMTkwMFoXDTM1MTExMDIxMTkwMFowUzELMAkGA1UEBhMCRlIxDjAMBgNVBAgM\nBVBhcmlzMQ4wDAYDVQQHDAVQYXJpczERMA8GA1UECgwIU2NhbGV3YXkxETAPBgNV\nBAMMCDEwLjAuMC40MIIBIjANBgkqhkiG9w0BAQEFAAOCAQ8AMIIBCgKCAQEAocqP\nf14dlb4FLbcnem52IaRCMyzJx0VtXk8pGBYIZ58GeSk7A2kOsjoeuk0t+ZyMuBta\nTXX0+qt2osv/KsY+mdrTh2Wz+cbg1BsBk2OciFxScwyzyejXFG1X56bjrXxryJPm\n0HLcaKZod6pXIwRIuYrT/S59q5rHuxdZFYhOdpgvr6KxGmWMhvlfiS90CC+Tvadl\nghFyryeMfB9xRr5WNDPkoewhRmxq+xIkeSQif/eJM1F2m4bIT2pqMHcWQg/2uvxy\nSKath+HovbwgknnkZvhU+rce9Wrv2wxSneR7mWcajDCz0ObihScFcSgdILTyXOfE\nAO2bDkv7kdroi/NV/QIDAQABoyMwITAfBgNVHREEGDAWgggxMC4wLjAuNIcEo6yC\njocECgAABDANBgkqhkiG9w0BAQsFAAOCAQEAZT6a5MimQu2EUi4ffvPYcDRO4H5A\nY+3EBy1K74+r4DKEhLDjELuL18tw/3LP+DXnITMmdGpYoIIyusKK9FDgUewOLzl6\neQaXviI/EVDWaNfqenHXeJsEBp6YcmX/kz2eGeGnfZBi7aP4Ql6Iy8S2QM7vlACD\nSiTjsgTjYmxCCUrmYo7Erl9L/PxA78L8MdyQDmw5wG2XmT97ympBkcvjwqznwuW/\nOkL7QtpncxCbVbBnb4JCizaUI8ejTYdn9mE56BUJYEdRyUHLDpVeJXwzN4LapzDI\nEwqdXS8tGx+MjprWbxD5tyXBk7SfGJtoyXL32swU2IhEeQiz2Nf/pr9PFQ==\n-----END CERTIFICATE-----\n",
            "disable_backup": false,
            "encryption_at_rest": true,
            "endpoint_ip": "",
            "endpoint_port": 0,
            "engine": "PostgreSQL-16",
            "id": "fr-par/da9b6639-cc5c-440d-92d9-7325e32c46f4",
            "init_settings": {},
            "is_ha_cluster": false,
            "load_balancer": [],
            "logs_policy": [
              {
                "max_age_retention": 30,
                "total_disk_retention": 0
              }
            ],
            "name": "checkov-test-pg",
            "node_type": "db-play2-pico",
            "organization_id": "e97e853d-3cce-4ebf-acda-ec5d6abc8fa8",
            "password": "oK8*(\u00269EG8*CKkI0dO*8GThB",
            "private_ip": [
              {
                "address": "10.0.0.4",
                "id": "fr-par/83c6d309-5725-42ae-9743-77603bf2157c"
              }
            ],
            "private_network": [
              {
                "enable_ipam": true,
                "endpoint_id": "036ac7ef-0bea-42ae-9df6-9c645d580edc",
                "hostname": "",
                "ip": "10.0.0.4",
                "ip_net": "10.0.0.4/22",
                "name": "",
                "pn_id": "fr-par/bd2387a7-e9d8-495b-b6f6-2e7aaf1eae8c",
                "port": 5432,
                "zone": ""
              }
            ],
            "project_id": "c96fe71c-bc1b-40a1-9559-eb37baeb627e",
            "read_replicas": [],
            "region": "fr-par",
            "settings": {
              "effective_cache_size": "1300",
              "maintenance_work_mem": "150",
              "max_connections": "100",
              "max_parallel_workers": "0",
              "max_parallel_workers_per_gather": "0",
              "work_mem": "4"
            },
            "snapshot_id": null,
            "tags": [
              "checkov-test",
              "db",
              "dev"
            ],
            "timeouts": null,
            "upgradable_versions": [],
            "user_name": "app_admin",
            "volume_size_in_gb": 20,
            "volume_type": "sbs_15k"
          },
          "sensitive_attributes": [
            [
              {
                "type": "get_attr",
                "value": "password"
              }
            ]
          ],
          "identity_schema_version": 0,
          "private": "eyJlMmJmYjczMC1lY2FhLTExZTYtOGY4OC0zNDM2M2JjN2M0YzAiOnsiY3JlYXRlIjoxODAwMDAwMDAwMDAwLCJkZWZhdWx0IjoxODAwMDAwMDAwMDAwLCJkZWxldGUiOjE4MDAwMDAwMDAwMDAsInJlYWQiOjE4MDAwMDAwMDAwMDAsInVwZGF0ZSI6MTgwMDAwMDAwMDAwMH19",
          "dependencies": [
            "random_password.db_password",
            "scaleway_vpc.main",
            "scaleway_vpc_private_network.app_network"
          ]
        }
      ]
    },
    {
      "mode": "managed",
      "type": "scaleway_vpc",
      "name": "main",
      "provider": "provider[\"registry.terraform.io/scaleway/scaleway\"]",
      "instances": [
        {
          "schema_version": 0,
          "attributes": {
            "created_at": "2025-11-12T21:15:02Z",
            "enable_custom_routes_propagation": true,
            "enable_routing": true,
            "id": "fr-par/1abb4708-7609-4c39-a2ad-454f4b9d8625",
            "is_default": false,
            "name": "checkov-test-vpc",
            "organization_id": "e97e853d-3cce-4ebf-acda-ec5d6abc8fa8",
            "project_id": "c96fe71c-bc1b-40a1-9559-eb37baeb627e",
            "region": "fr-par",
            "tags": [
              "checkov-test",
              "dev"
            ],
            "updated_at": "2025-11-12T21:15:02Z"
          },
          "sensitive_attributes": [],
          "identity_schema_version": 0,
          "private": "bnVsbA=="
        }
      ]
    },
    {
      "mode": "managed",
      "type": "scaleway_vpc_private_network",
      "name": "app_network",
      "provider": "provider[\"registry.terraform.io/scaleway/scaleway\"]",
      "instances": [
        {
          "schema_version": 1,
          "attributes": {
            "created_at": "2025-11-12T21:15:03Z",
            "enable_default_route_propagation": false,
            "id": "fr-par/bd2387a7-e9d8-495b-b6f6-2e7aaf1eae8c",
            "ipv4_subnet": [
              {
                "address": "10.0.0.0",
                "created_at": "2025-11-12T21:15:03Z",
                "id": "bf2da223-54fa-4ff7-86e0-4cb001770314",
                "prefix_length": 22,
                "subnet": "10.0.0.0/22",
                "subnet_mask": "255.255.252.0",
                "updated_at": "2025-11-12T21:15:03Z"
              }
            ],
            "ipv6_subnets": [
              {
                "address": "fdec:9718:6a42:795e::",
                "created_at": "2025-11-12T21:15:03Z",
                "id": "b6ecf349-63e5-4718-9bec-297a333e30fe",
                "prefix_length": 64,
                "subnet": "fdec:9718:6a42:795e::/64",
                "subnet_mask": "255.255.255.255.255.255.255.255.0.0.0.0.0.0.0.0",
                "updated_at": "2025-11-12T21:15:03Z"
              }
            ],
            "is_regional": true,
            "name": "checkov-test-app",
            "organization_id": "e97e853d-3cce-4ebf-acda-ec5d6abc8fa8",
            "project_id": "c96fe71c-bc1b-40a1-9559-eb37baeb627e",
            "region": "fr-par",
            "tags": [
              "checkov-test",
              "app",
              "dev"
            ],
            "updated_at": "2025-11-12T21:15:03Z",
            "vpc_id": "fr-par/1abb4708-7609-4c39-a2ad-454f4b9d8625",
            "zone": "fr-par-2"
          },
          "sensitive_attributes": [],
          "identity_schema_version": 0,
          "private": "eyJzY2hlbWFfdmVyc2lvbiI6IjEifQ==",
          "dependencies": [
            "scaleway_vpc.main"
          ]
        }
      ]
    },
    {
      "mode": "managed",
      "type": "scaleway_vpc_private_network",
      "name": "mgmt_network",
      "provider": "provider[\"registry.terraform.io/scaleway/scaleway\"]",
      "instances": [
        {
          "schema_version": 1,
          "attributes": {
            "created_at": "2025-11-12T21:15:03Z",
            "enable_default_route_propagation": false,
            "id": "fr-par/19c1dd52-b20b-42b2-9cb8-8dc395608223",
            "ipv4_subnet": [
              {
                "address": "10.0.10.0",
                "created_at": "2025-11-12T21:15:03Z",
                "id": "bb0b5c95-2bed-4f07-b7f9-39fea4c2ddde",
                "prefix_length": 24,
                "subnet": "10.0.10.0/24",
                "subnet_mask": "255.255.255.0",
                "updated_at": "2025-11-12T21:15:03Z"
              }
            ],
            "ipv6_subnets": [
              {
                "address": "fdec:9718:6a42:9917::",
                "created_at": "2025-11-12T21:15:03Z",
                "id": "1f7d01a5-6331-4cdb-8296-ca4a2e44b7e3",
                "prefix_length": 64,
                "subnet": "fdec:9718:6a42:9917::/64",
                "subnet_mask": "255.255.255.255.255.255.255.255.0.0.0.0.0.0.0.0",
                "updated_at": "2025-11-12T21:15:03Z"
              }
            ],
            "is_regional": true,
            "name": "checkov-test-mgmt",
            "organization_id": "e97e853d-3cce-4ebf-acda-ec5d6abc8fa8",
            "project_id": "c96fe71c-bc1b-40a1-9559-eb37baeb627e",
            "region": "fr-par",
            "tags": [
              "checkov-test",
              "mgmt",
              "dev"
            ],
            "updated_at": "2025-11-12T21:15:03Z",
            "vpc_id": "fr-par/1abb4708-7609-4c39-a2ad-454f4b9d8625",
            "zone": "fr-par-2"
          },
          "sensitive_attributes": [],
          "identity_schema_version": 0,
          "private": "eyJzY2hlbWFfdmVyc2lvbiI6IjEifQ==",
          "dependencies": [
            "scaleway_vpc.main"
          ]
        }
      ]
    }
  ],
  "check_results": null
}
